// !$*UTF8*$!
{
	archiveVersion = 1;
	classes = {
	};
	objectVersion = 46;
	objects = {

/* Begin PBXBuildFile section */
		2D1E14D31A6A4FB000498C13 /* AppDelegate.swift in Sources */ = {isa = PBXBuildFile; fileRef = 2D1E14D21A6A4FB000498C13 /* AppDelegate.swift */; };
		2D1E14D51A6A4FB000498C13 /* ViewController.swift in Sources */ = {isa = PBXBuildFile; fileRef = 2D1E14D41A6A4FB000498C13 /* ViewController.swift */; };
		2D1E14D81A6A4FB000498C13 /* Main.storyboard in Resources */ = {isa = PBXBuildFile; fileRef = 2D1E14D61A6A4FB000498C13 /* Main.storyboard */; };
		2D1E14DA1A6A4FB000498C13 /* Images.xcassets in Resources */ = {isa = PBXBuildFile; fileRef = 2D1E14D91A6A4FB000498C13 /* Images.xcassets */; };
		2D1E14DD1A6A4FB000498C13 /* LaunchScreen.xib in Resources */ = {isa = PBXBuildFile; fileRef = 2D1E14DB1A6A4FB000498C13 /* LaunchScreen.xib */; };
		2D1E14E91A6A4FB000498C13 /* CounterTests.swift in Sources */ = {isa = PBXBuildFile; fileRef = 2D1E14E81A6A4FB000498C13 /* CounterTests.swift */; };
/* End PBXBuildFile section */

/* Begin PBXContainerItemProxy section */
		2D1E14E31A6A4FB000498C13 /* PBXContainerItemProxy */ = {
			isa = PBXContainerItemProxy;
			containerPortal = 2D1E14C51A6A4FB000498C13 /* Project object */;
			proxyType = 1;
			remoteGlobalIDString = 2D1E14CC1A6A4FB000498C13;
			remoteInfo = Counter;
		};
/* End PBXContainerItemProxy section */

/* Begin PBXFileReference section */
		2D1E14CD1A6A4FB000498C13 /* Counter.app */ = {isa = PBXFileReference; explicitFileType = wrapper.application; includeInIndex = 0; path = Counter.app; sourceTree = BUILT_PRODUCTS_DIR; };
		2D1E14D11A6A4FB000498C13 /* Info.plist */ = {isa = PBXFileReference; lastKnownFileType = text.plist.xml; path = Info.plist; sourceTree = "<group>"; };
		2D1E14D21A6A4FB000498C13 /* AppDelegate.swift */ = {isa = PBXFileReference; lastKnownFileType = sourcecode.swift; path = AppDelegate.swift; sourceTree = "<group>"; };
		2D1E14D41A6A4FB000498C13 /* ViewController.swift */ = {isa = PBXFileReference; lastKnownFileType = sourcecode.swift; path = ViewController.swift; sourceTree = "<group>"; };
		2D1E14D71A6A4FB000498C13 /* Base */ = {isa = PBXFileReference; lastKnownFileType = file.storyboard; name = Base; path = Base.lproj/Main.storyboard; sourceTree = "<group>"; };
		2D1E14D91A6A4FB000498C13 /* Images.xcassets */ = {isa = PBXFileReference; lastKnownFileType = folder.assetcatalog; path = Images.xcassets; sourceTree = "<group>"; };
		2D1E14DC1A6A4FB000498C13 /* Base */ = {isa = PBXFileReference; lastKnownFileType = file.xib; name = Base; path = Base.lproj/LaunchScreen.xib; sourceTree = "<group>"; };
		2D1E14E21A6A4FB000498C13 /* CounterTests.xctest */ = {isa = PBXFileReference; explicitFileType = wrapper.cfbundle; includeInIndex = 0; path = CounterTests.xctest; sourceTree = BUILT_PRODUCTS_DIR; };
		2D1E14E71A6A4FB000498C13 /* Info.plist */ = {isa = PBXFileReference; lastKnownFileType = text.plist.xml; path = Info.plist; sourceTree = "<group>"; };
		2D1E14E81A6A4FB000498C13 /* CounterTests.swift */ = {isa = PBXFileReference; lastKnownFileType = sourcecode.swift; path = CounterTests.swift; sourceTree = "<group>"; };
/* End PBXFileReference section */

/* Begin PBXFrameworksBuildPhase section */
		2D1E14CA1A6A4FB000498C13 /* Frameworks */ = {
			isa = PBXFrameworksBuildPhase;
			buildActionMask = 2147483647;
			files = (
			);
			runOnlyForDeploymentPostprocessing = 0;
		};
		2D1E14DF1A6A4FB000498C13 /* Frameworks */ = {
			isa = PBXFrameworksBuildPhase;
			buildActionMask = 2147483647;
			files = (
			);
			runOnlyForDeploymentPostprocessing = 0;
		};
/* End PBXFrameworksBuildPhase section */

/* Begin PBXGroup section */
		2D1E14C41A6A4FB000498C13 = {
			isa = PBXGroup;
			children = (
				2D1E14CF1A6A4FB000498C13 /* Counter */,
				2D1E14E51A6A4FB000498C13 /* CounterTests */,
				2D1E14CE1A6A4FB000498C13 /* Products */,
			);
			sourceTree = "<group>";
		};
		2D1E14CE1A6A4FB000498C13 /* Products */ = {
			isa = PBXGroup;
			children = (
				2D1E14CD1A6A4FB000498C13 /* Counter.app */,
				2D1E14E21A6A4FB000498C13 /* CounterTests.xctest */,
			);
			name = Products;
			sourceTree = "<group>";
		};
		2D1E14CF1A6A4FB000498C13 /* Counter */ = {
			isa = PBXGroup;
			children = (
				2D1E14D21A6A4FB000498C13 /* AppDelegate.swift */,
				2D1E14D41A6A4FB000498C13 /* ViewController.swift */,
				2D1E14D61A6A4FB000498C13 /* Main.storyboard */,
				2D1E14D91A6A4FB000498C13 /* Images.xcassets */,
				2D1E14DB1A6A4FB000498C13 /* LaunchScreen.xib */,
				2D1E14D01A6A4FB000498C13 /* Supporting Files */,
			);
			path = Counter;
			sourceTree = "<group>";
		};
		2D1E14D01A6A4FB000498C13 /* Supporting Files */ = {
			isa = PBXGroup;
			children = (
				2D1E14D11A6A4FB000498C13 /* Info.plist */,
			);
			name = "Supporting Files";
			sourceTree = "<group>";
		};
		2D1E14E51A6A4FB000498C13 /* CounterTests */ = {
			isa = PBXGroup;
			children = (
				2D1E14E81A6A4FB000498C13 /* CounterTests.swift */,
				2D1E14E61A6A4FB000498C13 /* Supporting Files */,
			);
			path = CounterTests;
			sourceTree = "<group>";
		};
		2D1E14E61A6A4FB000498C13 /* Supporting Files */ = {
			isa = PBXGroup;
			children = (
				2D1E14E71A6A4FB000498C13 /* Info.plist */,
			);
			name = "Supporting Files";
			sourceTree = "<group>";
		};
/* End PBXGroup section */

/* Begin PBXNativeTarget section */
		2D1E14CC1A6A4FB000498C13 /* Counter */ = {
			isa = PBXNativeTarget;
			buildConfigurationList = 2D1E14EC1A6A4FB000498C13 /* Build configuration list for PBXNativeTarget "Counter" */;
			buildPhases = (
				2D1E14C91A6A4FB000498C13 /* Sources */,
				2D1E14CA1A6A4FB000498C13 /* Frameworks */,
				2D1E14CB1A6A4FB000498C13 /* Resources */,
			);
			buildRules = (
			);
			dependencies = (
			);
			name = Counter;
			productName = Counter;
			productReference = 2D1E14CD1A6A4FB000498C13 /* Counter.app */;
			productType = "com.apple.product-type.application";
		};
		2D1E14E11A6A4FB000498C13 /* CounterTests */ = {
			isa = PBXNativeTarget;
			buildConfigurationList = 2D1E14EF1A6A4FB000498C13 /* Build configuration list for PBXNativeTarget "CounterTests" */;
			buildPhases = (
				2D1E14DE1A6A4FB000498C13 /* Sources */,
				2D1E14DF1A6A4FB000498C13 /* Frameworks */,
				2D1E14E01A6A4FB000498C13 /* Resources */,
			);
			buildRules = (
			);
			dependencies = (
				2D1E14E41A6A4FB000498C13 /* PBXTargetDependency */,
			);
			name = CounterTests;
			productName = CounterTests;
			productReference = 2D1E14E21A6A4FB000498C13 /* CounterTests.xctest */;
			productType = "com.apple.product-type.bundle.unit-test";
		};
/* End PBXNativeTarget section */

/* Begin PBXProject section */
		2D1E14C51A6A4FB000498C13 /* Project object */ = {
			isa = PBXProject;
			attributes = {
				LastUpgradeCheck = 0610;
				ORGANIZATIONNAME = "江大鹏";
				TargetAttributes = {
					2D1E14CC1A6A4FB000498C13 = {
						CreatedOnToolsVersion = 6.1.1;
					};
					2D1E14E11A6A4FB000498C13 = {
						CreatedOnToolsVersion = 6.1.1;
						TestTargetID = 2D1E14CC1A6A4FB000498C13;
					};
				};
			};
			buildConfigurationList = 2D1E14C81A6A4FB000498C13 /* Build configuration list for PBXProject "Counter" */;
			compatibilityVersion = "Xcode 3.2";
			developmentRegion = English;
			hasScannedForEncodings = 0;
			knownRegions = (
				en,
				Base,
			);
			mainGroup = 2D1E14C41A6A4FB000498C13;
			productRefGroup = 2D1E14CE1A6A4FB000498C13 /* Products */;
			projectDirPath = "";
			projectRoot = "";
			targets = (
				2D1E14CC1A6A4FB000498C13 /* Counter */,
				2D1E14E11A6A4FB000498C13 /* CounterTests */,
			);
		};
/* End PBXProject section */

/* Begin PBXResourcesBuildPhase section */
		2D1E14CB1A6A4FB000498C13 /* Resources */ = {
			isa = PBXResourcesBuildPhase;
			buildActionMask = 2147483647;
			files = (
				2D1E14D81A6A4FB000498C13 /* Main.storyboard in Resources */,
				2D1E14DD1A6A4FB000498C13 /* LaunchScreen.xib in Resources */,
				2D1E14DA1A6A4FB000498C13 /* Images.xcassets in Resources */,
			);
			runOnlyForDeploymentPostprocessing = 0;
		};
		2D1E14E01A6A4FB000498C13 /* Resources */ = {
			isa = PBXResourcesBuildPhase;
			buildActionMask = 2147483647;
			files = (
			);
			runOnlyForDeploymentPostprocessing = 0;
		};
/* End PBXResourcesBuildPhase section */

/* Begin PBXSourcesBuildPhase section */
		2D1E14C91A6A4FB000498C13 /* Sources */ = {
			isa = PBXSourcesBuildPhase;
			buildActionMask = 2147483647;
			files = (
				2D1E14D51A6A4FB000498C13 /* ViewController.swift in Sources */,
				2D1E14D31A6A4FB000498C13 /* AppDelegate.swift in Sources */,
			);
			runOnlyForDeploymentPostprocessing = 0;
		};
		2D1E14DE1A6A4FB000498C13 /* Sources */ = {
			isa = PBXSourcesBuildPhase;
			buildActionMask = 2147483647;
			files = (
				2D1E14E91A6A4FB000498C13 /* CounterTests.swift in Sources */,
			);
			runOnlyForDeploymentPostprocessing = 0;
		};
/* End PBXSourcesBuildPhase section */

/* Begin PBXTargetDependency section */
		2D1E14E41A6A4FB000498C13 /* PBXTargetDependency */ = {
			isa = PBXTargetDependency;
			target = 2D1E14CC1A6A4FB000498C13 /* Counter */;
			targetProxy = 2D1E14E31A6A4FB000498C13 /* PBXContainerItemProxy */;
		};
/* End PBXTargetDependency section */

/* Begin PBXVariantGroup section */
		2D1E14D61A6A4FB000498C13 /* Main.storyboard */ = {
			isa = PBXVariantGroup;
			children = (
				2D1E14D71A6A4FB000498C13 /* Base */,
			);
			name = Main.storyboard;
			sourceTree = "<group>";
		};
		2D1E14DB1A6A4FB000498C13 /* LaunchScreen.xib */ = {
			isa = PBXVariantGroup;
			children = (
				2D1E14DC1A6A4FB000498C13 /* Base */,
			);
			name = LaunchScreen.xib;
			sourceTree = "<group>";
		};
/* End PBXVariantGroup section */

/* Begin XCBuildConfiguration section */
		2D1E14EA1A6A4FB000498C13 /* Debug */ = {
			isa = XCBuildConfiguration;
			buildSettings = {
				ALWAYS_SEARCH_USER_PATHS = NO;
				CLANG_CXX_LANGUAGE_STANDARD = "gnu++0x";
				CLANG_CXX_LIBRARY = "libc++";
				CLANG_ENABLE_MODULES = YES;
				CLANG_ENABLE_OBJC_ARC = YES;
				CLANG_WARN_BOOL_CONVERSION = YES;
				CLANG_WARN_CONSTANT_CONVERSION = YES;
				CLANG_WARN_DIRECT_OBJC_ISA_USAGE = YES_ERROR;
				CLANG_WARN_EMPTY_BODY = YES;
				CLANG_WARN_ENUM_CONVERSION = YES;
				CLANG_WARN_INT_CONVERSION = YES;
				CLANG_WARN_OBJC_ROOT_CLASS = YES_ERROR;
				CLANG_WARN_UNREACHABLE_CODE = YES;
				CLANG_WARN__DUPLICATE_METHOD_MATCH = YES;
				"CODE_SIGN_IDENTITY[sdk=iphoneos*]" = "iPhone Developer";
				COPY_PHASE_STRIP = NO;
				ENABLE_STRICT_OBJC_MSGSEND = YES;
				GCC_C_LANGUAGE_STANDARD = gnu99;
				GCC_DYNAMIC_NO_PIC = NO;
				GCC_OPTIMIZATION_LEVEL = 0;
				GCC_PREPROCESSOR_DEFINITIONS = (
					"DEBUG=1",
					"$(inherited)",
				);
				GCC_SYMBOLS_PRIVATE_EXTERN = NO;
				GCC_WARN_64_TO_32_BIT_CONVERSION = YES;
				GCC_WARN_ABOUT_RETURN_TYPE = YES_ERROR;
				GCC_WARN_UNDECLARED_SELECTOR = YES;
				GCC_WARN_UNINITIALIZED_AUTOS = YES_AGGRESSIVE;
				GCC_WARN_UNUSED_FUNCTION = YES;
				GCC_WARN_UNUSED_VARIABLE = YES;
				IPHONEOS_DEPLOYMENT_TARGET = 8.1;
				MTL_ENABLE_DEBUG_INFO = YES;
				ONLY_ACTIVE_ARCH = YES;
				SDKROOT = iphoneos;
				SWIFT_OPTIMIZATION_LEVEL = "-Onone";
			};
			name = Debug;
		};
		2D1E14EB1A6A4FB000498C13 /* Release */ = {
			isa = XCBuildConfiguration;
			buildSettings = {
				ALWAYS_SEARCH_USER_PATHS = NO;
				CLANG_CXX_LANGUAGE_STANDARD = "gnu++0x";
				CLANG_CXX_LIBRARY = "libc++";
				CLANG_ENABLE_MODULES = YES;
				CLANG_ENABLE_OBJC_ARC = YES;
				CLANG_WARN_BOOL_CONVERSION = YES;
				CLANG_WARN_CONSTANT_CONVERSION = YES;
				CLANG_WARN_DIRECT_OBJC_ISA_USAGE = YES_ERROR;
				CLANG_WARN_EMPTY_BODY = YES;
				CLANG_WARN_ENUM_CONVERSION = YES;
				CLANG_WARN_INT_CONVERSION = YES;
				CLANG_WARN_OBJC_ROOT_CLASS = YES_ERROR;
				CLANG_WARN_UNREACHABLE_CODE = YES;
				CLANG_WARN__DUPLICATE_METHOD_MATCH = YES;
				"CODE_SIGN_IDENTITY[sdk=iphoneos*]" = "iPhone Developer";
				COPY_PHASE_STRIP = YES;
				ENABLE_NS_ASSERTIONS = NO;
				ENABLE_STRICT_OBJC_MSGSEND = YES;
				GCC_C_LANGUAGE_STANDARD = gnu99;
				GCC_WARN_64_TO_32_BIT_CONVERSION = YES;
				GCC_WARN_ABOUT_RETURN_TYPE = YES_ERROR;
				GCC_WARN_UNDECLARED_SELECTOR = YES;
				GCC_WARN_UNINITIALIZED_AUTOS = YES_AGGRESSIVE;
				GCC_WARN_UNUSED_FUNCTION = YES;
				GCC_WARN_UNUSED_VARIABLE = YES;
				IPHONEOS_DEPLOYMENT_TARGET = 8.1;
				MTL_ENABLE_DEBUG_INFO = NO;
				SDKROOT = iphoneos;
				VALIDATE_PRODUCT = YES;
			};
			name = Release;
		};
		2D1E14ED1A6A4FB000498C13 /* Debug */ = {
			isa = XCBuildConfiguration;
			buildSettings = {
				ASSETCATALOG_COMPILER_APPICON_NAME = AppIcon;
				INFOPLIST_FILE = Counter/Info.plist;
				IPHONEOS_DEPLOYMENT_TARGET = 7.1;
				LD_RUNPATH_SEARCH_PATHS = "$(inherited) @executable_path/Frameworks";
				PRODUCT_NAME = "$(TARGET_NAME)";
			};
			name = Debug;
		};
		2D1E14EE1A6A4FB000498C13 /* Release */ = {
			isa = XCBuildConfiguration;
			buildSettings = {
				ASSETCATALOG_COMPILER_APPICON_NAME = AppIcon;
				INFOPLIST_FILE = Counter/Info.plist;
				IPHONEOS_DEPLOYMENT_TARGET = 7.1;
				LD_RUNPATH_SEARCH_PATHS = "$(inherited) @executable_path/Frameworks";
				PRODUCT_NAME = "$(TARGET_NAME)";
			};
			name = Release;
		};
		2D1E14F01A6A4FB000498C13 /* Debug */ = {
			isa = XCBuildConfiguration;
			buildSettings = {
				BUNDLE_LOADER = "$(TEST_HOST)";
				FRAMEWORK_SEARCH_PATHS = (
					"$(SDKROOT)/Developer/Library/Frameworks",
					"$(inherited)",
				);
				GCC_PREPROCESSOR_DEFINITIONS = (
					"DEBUG=1",
					"$(inherited)",
				);
				INFOPLIST_FILE = CounterTests/Info.plist;
				LD_RUNPATH_SEARCH_PATHS = "$(inherited) @executable_path/Frameworks @loader_path/Frameworks";
				PRODUCT_NAME = "$(TARGET_NAME)";
				TEST_HOST = "$(BUILT_PRODUCTS_DIR)/Counter.app/Counter";
			};
			name = Debug;
		};
		2D1E14F11A6A4FB000498C13 /* Release */ = {
			isa = XCBuildConfiguration;
			buildSettings = {
				BUNDLE_LOADER = "$(TEST_HOST)";
				FRAMEWORK_SEARCH_PATHS = (
					"$(SDKROOT)/Developer/Library/Frameworks",
					"$(inherited)",
				);
				INFOPLIST_FILE = CounterTests/Info.plist;
				LD_RUNPATH_SEARCH_PATHS = "$(inherited) @executable_path/Frameworks @loader_path/Frameworks";
				PRODUCT_NAME = "$(TARGET_NAME)";
				TEST_HOST = "$(BUILT_PRODUCTS_DIR)/Counter.app/Counter";
			};
			name = Release;
		};
/* End XCBuildConfiguration section */

/* Begin XCConfigurationList section */
		2D1E14C81A6A4FB000498C13 /* Build configuration list for PBXProject "Counter" */ = {
			isa = XCConfigurationList;
			buildConfigurations = (
				2D1E14EA1A6A4FB000498C13 /* Debug */,
				2D1E14EB1A6A4FB000498C13 /* Release */,
			);
			defaultConfigurationIsVisible = 0;
			defaultConfigurationName = Release;
		};
		2D1E14EC1A6A4FB000498C13 /* Build configuration list for PBXNativeTarget "Counter" */ = {
			isa = XCConfigurationList;
			buildConfigurations = (
				2D1E14ED1A6A4FB000498C13 /* Debug */,
				2D1E14EE1A6A4FB000498C13 /* Release */,
			);
			defaultConfigurationIsVisible = 0;
			defaultConfigurationName = Release;
		};
		2D1E14EF1A6A4FB000498C13 /* Build configuration list for PBXNativeTarget "CounterTests" */ = {
			isa = XCConfigurationList;
			buildConfigurations = (
				2D1E14F01A6A4FB000498C13 /* Debug */,
				2D1E14F11A6A4FB000498C13 /* Release */,
			);
			defaultConfigurationIsVisible = 0;
			defaultConfigurationName = Release;
		};
/* End XCConfigurationList section */
	};
	rootObject = 2D1E14C51A6A4FB000498C13 /* Project object */;
}
